// !$*UTF8*$!
{
	archiveVersion = 1;
	classes = {
	};
	objectVersion = 46;
	objects = {

/* Begin PBXBuildFile section */
		A9A2ADE821ABF4610026AA00 /* cubesql.c in Sources */ = {isa = PBXBuildFile; fileRef = A9A2ADD221ABF4600026AA00 /* cubesql.c */; };
		A9A2ADEA21ABF4610026AA00 /* aeskey.c in Sources */ = {isa = PBXBuildFile; fileRef = A9A2ADD421ABF4600026AA00 /* aeskey.c */; };
		A9A2ADEC21ABF4610026AA00 /* pseudorandom.h in Headers */ = {isa = PBXBuildFile; fileRef = A9A2ADD521ABF4600026AA00 /* pseudorandom.h */; };
		A9A2ADEE21ABF4610026AA00 /* aestab.h in Headers */ = {isa = PBXBuildFile; fileRef = A9A2ADD621ABF4600026AA00 /* aestab.h */; };
		A9A2ADF021ABF4610026AA00 /* base64.h in Headers */ = {isa = PBXBuildFile; fileRef = A9A2ADD721ABF4600026AA00 /* base64.h */; };
		A9A2ADF221ABF4610026AA00 /* aescrypt.c in Sources */ = {isa = PBXBuildFile; fileRef = A9A2ADD821ABF4600026AA00 /* aescrypt.c */; };
		A9A2ADF421ABF4610026AA00 /* aesopt.h in Headers */ = {isa = PBXBuildFile; fileRef = A9A2ADD921ABF4600026AA00 /* aesopt.h */; };
		A9A2ADF621ABF4610026AA00 /* sha1.c in Sources */ = {isa = PBXBuildFile; fileRef = A9A2ADDA21ABF4600026AA00 /* sha1.c */; };
		A9A2ADF821ABF4610026AA00 /* pseudorandom.c in Sources */ = {isa = PBXBuildFile; fileRef = A9A2ADDB21ABF4600026AA00 /* pseudorandom.c */; };
		A9A2ADFA21ABF4610026AA00 /* aes.h in Headers */ = {isa = PBXBuildFile; fileRef = A9A2ADDC21ABF4600026AA00 /* aes.h */; };
		A9A2ADFC21ABF4610026AA00 /* base64.c in Sources */ = {isa = PBXBuildFile; fileRef = A9A2ADDD21ABF4600026AA00 /* base64.c */; };
		A9A2ADFE21ABF4610026AA00 /* aestab.c in Sources */ = {isa = PBXBuildFile; fileRef = A9A2ADDE21ABF4600026AA00 /* aestab.c */; };
		A9A2AE0021ABF4610026AA00 /* sha1.h in Headers */ = {isa = PBXBuildFile; fileRef = A9A2ADDF21ABF4610026AA00 /* sha1.h */; };
		A9A2AE0221ABF4610026AA00 /* csql.h in Headers */ = {isa = PBXBuildFile; fileRef = A9A2ADE021ABF4610026AA00 /* csql.h */; };
		A9A2AE0A21ABF4610026AA00 /* cubesql.h in Headers */ = {isa = PBXBuildFile; fileRef = A9A2ADE621ABF4610026AA00 /* cubesql.h */; };
		A9A2AE6321ABF5850026AA00 /* PluginMain.cpp in Sources */ = {isa = PBXBuildFile; fileRef = A9A2AE5321ABF5850026AA00 /* PluginMain.cpp */; };
		A9A2AE6521ABF5850026AA00 /* rb_plugin_deprecated.h in Headers */ = {isa = PBXBuildFile; fileRef = A9A2AE5521ABF5850026AA00 /* rb_plugin_deprecated.h */; };
		A9A2AE6721ABF5850026AA00 /* WinHeader++.h in Headers */ = {isa = PBXBuildFile; fileRef = A9A2AE5621ABF5850026AA00 /* WinHeader++.h */; };
		A9A2AE6921ABF5850026AA00 /* rb_plugin_cpp.h in Headers */ = {isa = PBXBuildFile; fileRef = A9A2AE5721ABF5850026AA00 /* rb_plugin_cpp.h */; };
		A9A2AE6B21ABF5850026AA00 /* macTypesForAnsi.h in Headers */ = {isa = PBXBuildFile; fileRef = A9A2AE5821ABF5850026AA00 /* macTypesForAnsi.h */; };
		A9A2AE6D21ABF5850026AA00 /* LinuxHeader.h in Headers */ = {isa = PBXBuildFile; fileRef = A9A2AE5921ABF5850026AA00 /* LinuxHeader.h */; };
		A9A2AE6F21ABF5850026AA00 /* RBCocoaHeaders.h in Headers */ = {isa = PBXBuildFile; fileRef = A9A2AE5A21ABF5850026AA00 /* RBCocoaHeaders.h */; };
		A9A2AE7121ABF5850026AA00 /* rb_plugin.h in Headers */ = {isa = PBXBuildFile; fileRef = A9A2AE5B21ABF5850026AA00 /* rb_plugin.h */; };
		A9A2AE7321ABF5850026AA00 /* REALplugin.h in Headers */ = {isa = PBXBuildFile; fileRef = A9A2AE5C21ABF5850026AA00 /* REALplugin.h */; };
		A9A2AE7521ABF5850026AA00 /* CarbonHeaders.h in Headers */ = {isa = PBXBuildFile; fileRef = A9A2AE5D21ABF5850026AA00 /* CarbonHeaders.h */; };
		A9A2AE7721ABF5850026AA00 /* RBCarbonHeaders.h in Headers */ = {isa = PBXBuildFile; fileRef = A9A2AE5E21ABF5850026AA00 /* RBCarbonHeaders.h */; };
		A9A2AE7921ABF5850026AA00 /* rb_plugin_cocoa.h in Headers */ = {isa = PBXBuildFile; fileRef = A9A2AE5F21ABF5850026AA00 /* rb_plugin_cocoa.h */; };
		A9D425901BE20D5C00614309 /* CubeSQLPlugin.h in Headers */ = {isa = PBXBuildFile; fileRef = A9707B04130D775400BF8993 /* CubeSQLPlugin.h */; };
		A9D4259B1BE20D5C00614309 /* CubeSQLPlugin.cpp in Sources */ = {isa = PBXBuildFile; fileRef = A9707AED130D75F400BF8993 /* CubeSQLPlugin.cpp */; };
/* End PBXBuildFile section */

/* Begin PBXFileReference section */
		A9707AED130D75F400BF8993 /* CubeSQLPlugin.cpp */ = {isa = PBXFileReference; fileEncoding = 4; lastKnownFileType = sourcecode.cpp.cpp; name = CubeSQLPlugin.cpp; path = ../sources/CubeSQLPlugin.cpp; sourceTree = SOURCE_ROOT; };
		A9707B04130D775400BF8993 /* CubeSQLPlugin.h */ = {isa = PBXFileReference; fileEncoding = 4; lastKnownFileType = sourcecode.c.h; name = CubeSQLPlugin.h; path = ../sources/CubeSQLPlugin.h; sourceTree = SOURCE_ROOT; };
		A9A2ADD221ABF4600026AA00 /* cubesql.c */ = {isa = PBXFileReference; fileEncoding = 4; lastKnownFileType = sourcecode.c.c; path = cubesql.c; sourceTree = "<group>"; };
		A9A2ADD421ABF4600026AA00 /* aeskey.c */ = {isa = PBXFileReference; fileEncoding = 4; lastKnownFileType = sourcecode.c.c; path = aeskey.c; sourceTree = "<group>"; };
		A9A2ADD521ABF4600026AA00 /* pseudorandom.h */ = {isa = PBXFileReference; fileEncoding = 4; lastKnownFileType = sourcecode.c.h; path = pseudorandom.h; sourceTree = "<group>"; };
		A9A2ADD621ABF4600026AA00 /* aestab.h */ = {isa = PBXFileReference; fileEncoding = 4; lastKnownFileType = sourcecode.c.h; path = aestab.h; sourceTree = "<group>"; };
		A9A2ADD721ABF4600026AA00 /* base64.h */ = {isa = PBXFileReference; fileEncoding = 4; lastKnownFileType = sourcecode.c.h; path = base64.h; sourceTree = "<group>"; };
		A9A2ADD821ABF4600026AA00 /* aescrypt.c */ = {isa = PBXFileReference; fileEncoding = 4; lastKnownFileType = sourcecode.c.c; path = aescrypt.c; sourceTree = "<group>"; };
		A9A2ADD921ABF4600026AA00 /* aesopt.h */ = {isa = PBXFileReference; fileEncoding = 4; lastKnownFileType = sourcecode.c.h; path = aesopt.h; sourceTree = "<group>"; };
		A9A2ADDA21ABF4600026AA00 /* sha1.c */ = {isa = PBXFileReference; fileEncoding = 4; lastKnownFileType = sourcecode.c.c; path = sha1.c; sourceTree = "<group>"; };
		A9A2ADDB21ABF4600026AA00 /* pseudorandom.c */ = {isa = PBXFileReference; fileEncoding = 4; lastKnownFileType = sourcecode.c.c; path = pseudorandom.c; sourceTree = "<group>"; };
		A9A2ADDC21ABF4600026AA00 /* aes.h */ = {isa = PBXFileReference; fileEncoding = 4; lastKnownFileType = sourcecode.c.h; path = aes.h; sourceTree = "<group>"; };
		A9A2ADDD21ABF4600026AA00 /* base64.c */ = {isa = PBXFileReference; fileEncoding = 4; lastKnownFileType = sourcecode.c.c; path = base64.c; sourceTree = "<group>"; };
		A9A2ADDE21ABF4600026AA00 /* aestab.c */ = {isa = PBXFileReference; fileEncoding = 4; lastKnownFileType = sourcecode.c.c; path = aestab.c; sourceTree = "<group>"; };
		A9A2ADDF21ABF4610026AA00 /* sha1.h */ = {isa = PBXFileReference; fileEncoding = 4; lastKnownFileType = sourcecode.c.h; path = sha1.h; sourceTree = "<group>"; };
		A9A2ADE021ABF4610026AA00 /* csql.h */ = {isa = PBXFileReference; fileEncoding = 4; lastKnownFileType = sourcecode.c.h; path = csql.h; sourceTree = "<group>"; };
		A9A2ADE621ABF4610026AA00 /* cubesql.h */ = {isa = PBXFileReference; fileEncoding = 4; lastKnownFileType = sourcecode.c.h; path = cubesql.h; sourceTree = "<group>"; };
		A9A2AE5321ABF5850026AA00 /* PluginMain.cpp */ = {isa = PBXFileReference; fileEncoding = 4; lastKnownFileType = sourcecode.cpp.cpp; path = PluginMain.cpp; sourceTree = "<group>"; };
		A9A2AE5521ABF5850026AA00 /* rb_plugin_deprecated.h */ = {isa = PBXFileReference; fileEncoding = 4; lastKnownFileType = sourcecode.c.h; path = rb_plugin_deprecated.h; sourceTree = "<group>"; };
		A9A2AE5621ABF5850026AA00 /* WinHeader++.h */ = {isa = PBXFileReference; fileEncoding = 4; lastKnownFileType = sourcecode.c.h; path = "WinHeader++.h"; sourceTree = "<group>"; };
		A9A2AE5721ABF5850026AA00 /* rb_plugin_cpp.h */ = {isa = PBXFileReference; fileEncoding = 4; lastKnownFileType = sourcecode.c.h; path = rb_plugin_cpp.h; sourceTree = "<group>"; };
		A9A2AE5821ABF5850026AA00 /* macTypesForAnsi.h */ = {isa = PBXFileReference; fileEncoding = 4; lastKnownFileType = sourcecode.c.h; path = macTypesForAnsi.h; sourceTree = "<group>"; };
		A9A2AE5921ABF5850026AA00 /* LinuxHeader.h */ = {isa = PBXFileReference; fileEncoding = 4; lastKnownFileType = sourcecode.c.h; path = LinuxHeader.h; sourceTree = "<group>"; };
		A9A2AE5A21ABF5850026AA00 /* RBCocoaHeaders.h */ = {isa = PBXFileReference; fileEncoding = 4; lastKnownFileType = sourcecode.c.h; path = RBCocoaHeaders.h; sourceTree = "<group>"; };
		A9A2AE5B21ABF5850026AA00 /* rb_plugin.h */ = {isa = PBXFileReference; fileEncoding = 4; lastKnownFileType = sourcecode.c.h; path = rb_plugin.h; sourceTree = "<group>"; };
		A9A2AE5C21ABF5850026AA00 /* REALplugin.h */ = {isa = PBXFileReference; fileEncoding = 4; lastKnownFileType = sourcecode.c.h; path = REALplugin.h; sourceTree = "<group>"; };
		A9A2AE5D21ABF5850026AA00 /* CarbonHeaders.h */ = {isa = PBXFileReference; fileEncoding = 4; lastKnownFileType = sourcecode.c.h; path = CarbonHeaders.h; sourceTree = "<group>"; };
		A9A2AE5E21ABF5850026AA00 /* RBCarbonHeaders.h */ = {isa = PBXFileReference; fileEncoding = 4; lastKnownFileType = sourcecode.c.h; path = RBCarbonHeaders.h; sourceTree = "<group>"; };
		A9A2AE5F21ABF5850026AA00 /* rb_plugin_cocoa.h */ = {isa = PBXFileReference; fileEncoding = 4; lastKnownFileType = sourcecode.c.h; path = rb_plugin_cocoa.h; sourceTree = "<group>"; };
		A9D425A91BE20D5C00614309 /* cubeSQL_64bit.dylib */ = {isa = PBXFileReference; explicitFileType = "compiled.mach-o.dylib"; includeInIndex = 0; path = cubeSQL_64bit.dylib; sourceTree = BUILT_PRODUCTS_DIR; };
		EAFF3AD80659658000342AFB /* Carbon.framework */ = {isa = PBXFileReference; lastKnownFileType = wrapper.framework; name = Carbon.framework; path = /System/Library/Frameworks/Carbon.framework; sourceTree = "<absolute>"; };
/* End PBXFileReference section */

/* Begin PBXFrameworksBuildPhase section */
		A9D425A31BE20D5C00614309 /* Frameworks */ = {
			isa = PBXFrameworksBuildPhase;
			buildActionMask = 2147483647;
			files = (
			);
			runOnlyForDeploymentPostprocessing = 0;
		};
/* End PBXFrameworksBuildPhase section */

/* Begin PBXGroup section */
		A9707AE9130D75E900BF8993 /* Sources */ = {
			isa = PBXGroup;
			children = (
				A9707AED130D75F400BF8993 /* CubeSQLPlugin.cpp */,
				A9707B04130D775400BF8993 /* CubeSQLPlugin.h */,
				A9A2AE5021ABF56A0026AA00 /* Xojo_SDK */,
				A9A2ADD121ABF4600026AA00 /* CubeSQL_SDK */,
			);
			name = Sources;
			sourceTree = "<group>";
		};
		A9A2ADD121ABF4600026AA00 /* CubeSQL_SDK */ = {
			isa = PBXGroup;
			children = (
				A9A2ADD321ABF4600026AA00 /* crypt */,
				A9A2ADD221ABF4600026AA00 /* cubesql.c */,
				A9A2ADE621ABF4610026AA00 /* cubesql.h */,
				A9A2ADE021ABF4610026AA00 /* csql.h */,
			);
			name = CubeSQL_SDK;
			path = ../CubeSQL_SDK;
			sourceTree = "<group>";
		};
		A9A2ADD321ABF4600026AA00 /* crypt */ = {
			isa = PBXGroup;
			children = (
				A9A2ADD421ABF4600026AA00 /* aeskey.c */,
				A9A2ADD521ABF4600026AA00 /* pseudorandom.h */,
				A9A2ADD621ABF4600026AA00 /* aestab.h */,
				A9A2ADD721ABF4600026AA00 /* base64.h */,
				A9A2ADD821ABF4600026AA00 /* aescrypt.c */,
				A9A2ADD921ABF4600026AA00 /* aesopt.h */,
				A9A2ADDA21ABF4600026AA00 /* sha1.c */,
				A9A2ADDB21ABF4600026AA00 /* pseudorandom.c */,
				A9A2ADDC21ABF4600026AA00 /* aes.h */,
				A9A2ADDD21ABF4600026AA00 /* base64.c */,
				A9A2ADDE21ABF4600026AA00 /* aestab.c */,
				A9A2ADDF21ABF4610026AA00 /* sha1.h */,
			);
			path = crypt;
			sourceTree = "<group>";
		};
		A9A2AE5021ABF56A0026AA00 /* Xojo_SDK */ = {
			isa = PBXGroup;
			children = (
				A9A2AE5121ABF5850026AA00 /* Glue Code */,
				A9A2AE5421ABF5850026AA00 /* Includes */,
			);
			name = Xojo_SDK;
			sourceTree = "<group>";
		};
		A9A2AE5121ABF5850026AA00 /* Glue Code */ = {
			isa = PBXGroup;
			children = (
				A9A2AE5321ABF5850026AA00 /* PluginMain.cpp */,
			);
			name = "Glue Code";
			path = "../Xojo_SDK/Glue Code";
			sourceTree = "<group>";
		};
		A9A2AE5421ABF5850026AA00 /* Includes */ = {
			isa = PBXGroup;
			children = (
				A9A2AE5521ABF5850026AA00 /* rb_plugin_deprecated.h */,
				A9A2AE5621ABF5850026AA00 /* WinHeader++.h */,
				A9A2AE5721ABF5850026AA00 /* rb_plugin_cpp.h */,
				A9A2AE5821ABF5850026AA00 /* macTypesForAnsi.h */,
				A9A2AE5921ABF5850026AA00 /* LinuxHeader.h */,
				A9A2AE5A21ABF5850026AA00 /* RBCocoaHeaders.h */,
				A9A2AE5B21ABF5850026AA00 /* rb_plugin.h */,
				A9A2AE5C21ABF5850026AA00 /* REALplugin.h */,
				A9A2AE5D21ABF5850026AA00 /* CarbonHeaders.h */,
				A9A2AE5E21ABF5850026AA00 /* RBCarbonHeaders.h */,
				A9A2AE5F21ABF5850026AA00 /* rb_plugin_cocoa.h */,
			);
			name = Includes;
			path = ../Xojo_SDK/Includes;
			sourceTree = "<group>";
		};
		A9BEB04F1862D0040029216B /* Frameworks */ = {
			isa = PBXGroup;
			children = (
				EAFF3AD80659658000342AFB /* Carbon.framework */,
			);
			name = Frameworks;
			sourceTree = "<group>";
		};
		EAFF3A940659636100342AFB = {
			isa = PBXGroup;
			children = (
				A9707AE9130D75E900BF8993 /* Sources */,
				A9BEB04F1862D0040029216B /* Frameworks */,
				EAFF3AA4065964F500342AFB /* Products */,
			);
			sourceTree = "<group>";
		};
		EAFF3AA4065964F500342AFB /* Products */ = {
			isa = PBXGroup;
			children = (
				A9D425A91BE20D5C00614309 /* cubeSQL_64bit.dylib */,
			);
			name = Products;
			sourceTree = "<group>";
		};
/* End PBXGroup section */

/* Begin PBXHeadersBuildPhase section */
		A9D4258C1BE20D5C00614309 /* Headers */ = {
			isa = PBXHeadersBuildPhase;
			buildActionMask = 2147483647;
			files = (
				A9A2AE7721ABF5850026AA00 /* RBCarbonHeaders.h in Headers */,
				A9A2AE0021ABF4610026AA00 /* sha1.h in Headers */,
				A9A2AE6921ABF5850026AA00 /* rb_plugin_cpp.h in Headers */,
				A9A2ADFA21ABF4610026AA00 /* aes.h in Headers */,
				A9A2AE7121ABF5850026AA00 /* rb_plugin.h in Headers */,
				A9A2AE7921ABF5850026AA00 /* rb_plugin_cocoa.h in Headers */,
				A9A2AE6521ABF5850026AA00 /* rb_plugin_deprecated.h in Headers */,
				A9A2ADF421ABF4610026AA00 /* aesopt.h in Headers */,
				A9A2AE7521ABF5850026AA00 /* CarbonHeaders.h in Headers */,
				A9D425901BE20D5C00614309 /* CubeSQLPlugin.h in Headers */,
				A9A2AE0A21ABF4610026AA00 /* cubesql.h in Headers */,
				A9A2AE7321ABF5850026AA00 /* REALplugin.h in Headers */,
				A9A2AE6721ABF5850026AA00 /* WinHeader++.h in Headers */,
				A9A2ADEC21ABF4610026AA00 /* pseudorandom.h in Headers */,
				A9A2ADEE21ABF4610026AA00 /* aestab.h in Headers */,
				A9A2AE6D21ABF5850026AA00 /* LinuxHeader.h in Headers */,
				A9A2ADF021ABF4610026AA00 /* base64.h in Headers */,
				A9A2AE0221ABF4610026AA00 /* csql.h in Headers */,
				A9A2AE6B21ABF5850026AA00 /* macTypesForAnsi.h in Headers */,
				A9A2AE6F21ABF5850026AA00 /* RBCocoaHeaders.h in Headers */,
			);
			runOnlyForDeploymentPostprocessing = 0;
		};
/* End PBXHeadersBuildPhase section */

/* Begin PBXNativeTarget section */
		A9D4258B1BE20D5C00614309 /* CubeSQL 64bit */ = {
			isa = PBXNativeTarget;
			buildConfigurationList = A9D425A51BE20D5C00614309 /* Build configuration list for PBXNativeTarget "CubeSQL 64bit" */;
			buildPhases = (
				A9D4258C1BE20D5C00614309 /* Headers */,
				A9D425991BE20D5C00614309 /* Sources */,
				A9D425A31BE20D5C00614309 /* Frameworks */,
			);
			buildRules = (
			);
			dependencies = (
			);
			name = "CubeSQL 64bit";
			productName = "«PROJECTNAME»";
			productReference = A9D425A91BE20D5C00614309 /* cubeSQL_64bit.dylib */;
			productType = "com.apple.product-type.library.dynamic";
		};
/* End PBXNativeTarget section */

/* Begin PBXProject section */
		EAFF3A980659636100342AFB /* Project object */ = {
			isa = PBXProject;
			attributes = {
				LastUpgradeCheck = 1020;
			};
			buildConfigurationList = A97079D9130D741600BF8993 /* Build configuration list for PBXProject "CubeSQL_64bit" */;
			compatibilityVersion = "Xcode 3.2";
			developmentRegion = en;
			hasScannedForEncodings = 1;
			knownRegions = (
				ja,
				en,
				Base,
				fr,
				de,
			);
			mainGroup = EAFF3A940659636100342AFB;
			productRefGroup = EAFF3AA4065964F500342AFB /* Products */;
			projectDirPath = "";
			projectRoot = "";
			targets = (
				A9D4258B1BE20D5C00614309 /* CubeSQL 64bit */,
			);
		};
/* End PBXProject section */

/* Begin PBXSourcesBuildPhase section */
		A9D425991BE20D5C00614309 /* Sources */ = {
			isa = PBXSourcesBuildPhase;
			buildActionMask = 2147483647;
			files = (
				A9A2ADF621ABF4610026AA00 /* sha1.c in Sources */,
				A9A2ADFE21ABF4610026AA00 /* aestab.c in Sources */,
				A9A2ADEA21ABF4610026AA00 /* aeskey.c in Sources */,
				A9A2ADFC21ABF4610026AA00 /* base64.c in Sources */,
				A9A2ADF821ABF4610026AA00 /* pseudorandom.c in Sources */,
				A9D4259B1BE20D5C00614309 /* CubeSQLPlugin.cpp in Sources */,
				A9A2ADF221ABF4610026AA00 /* aescrypt.c in Sources */,
				A9A2ADE821ABF4610026AA00 /* cubesql.c in Sources */,
				A9A2AE6321ABF5850026AA00 /* PluginMain.cpp in Sources */,
			);
			runOnlyForDeploymentPostprocessing = 0;
		};
/* End PBXSourcesBuildPhase section */

/* Begin XCBuildConfiguration section */
		A93925F8153DB62F00016FBB /* Deployment i386 */ = {
			isa = XCBuildConfiguration;
			buildSettings = {
				CLANG_ANALYZER_LOCALIZABILITY_NONLOCALIZED = YES;
				CLANG_WARN_BLOCK_CAPTURE_AUTORELEASING = YES;
				CLANG_WARN_BOOL_CONVERSION = YES;
				CLANG_WARN_COMMA = YES;
				CLANG_WARN_CONSTANT_CONVERSION = YES;
				CLANG_WARN_DEPRECATED_OBJC_IMPLEMENTATIONS = YES;
				CLANG_WARN_EMPTY_BODY = YES;
				CLANG_WARN_ENUM_CONVERSION = YES;
				CLANG_WARN_INFINITE_RECURSION = YES;
				CLANG_WARN_INT_CONVERSION = YES;
				CLANG_WARN_NON_LITERAL_NULL_CONVERSION = YES;
				CLANG_WARN_OBJC_IMPLICIT_RETAIN_SELF = YES;
				CLANG_WARN_OBJC_LITERAL_CONVERSION = YES;
				CLANG_WARN_RANGE_LOOP_ANALYSIS = YES;
				CLANG_WARN_STRICT_PROTOTYPES = YES;
				CLANG_WARN_SUSPICIOUS_MOVE = YES;
				CLANG_WARN_UNREACHABLE_CODE = YES;
				CLANG_WARN__DUPLICATE_METHOD_MATCH = YES;
				ENABLE_STRICT_OBJC_MSGSEND = YES;
				GCC_NO_COMMON_BLOCKS = YES;
				GCC_OPTIMIZATION_LEVEL = 0;
				GCC_VERSION = "";
				GCC_WARN_64_TO_32_BIT_CONVERSION = YES;
				GCC_WARN_ABOUT_RETURN_TYPE = YES;
				GCC_WARN_UNDECLARED_SELECTOR = YES;
				GCC_WARN_UNINITIALIZED_AUTOS = YES;
				GCC_WARN_UNUSED_FUNCTION = YES;
				GCC_WARN_UNUSED_VARIABLE = YES;
				HEADER_SEARCH_PATHS = "../RBPlugins_SDK/Includes//**";
				MACOSX_DEPLOYMENT_TARGET = 10.6;
				OTHER_LDFLAGS = "-lz";
				SDKROOT = macosx;
			};
			name = "Deployment i386";
		};
		A97079D3130D741600BF8993 /* Development */ = {
			isa = XCBuildConfiguration;
			buildSettings = {
				CLANG_ANALYZER_LOCALIZABILITY_NONLOCALIZED = YES;
				CLANG_WARN_BLOCK_CAPTURE_AUTORELEASING = YES;
				CLANG_WARN_BOOL_CONVERSION = YES;
				CLANG_WARN_COMMA = YES;
				CLANG_WARN_CONSTANT_CONVERSION = YES;
				CLANG_WARN_DEPRECATED_OBJC_IMPLEMENTATIONS = YES;
				CLANG_WARN_EMPTY_BODY = YES;
				CLANG_WARN_ENUM_CONVERSION = YES;
				CLANG_WARN_INFINITE_RECURSION = YES;
				CLANG_WARN_INT_CONVERSION = YES;
				CLANG_WARN_NON_LITERAL_NULL_CONVERSION = YES;
				CLANG_WARN_OBJC_IMPLICIT_RETAIN_SELF = YES;
				CLANG_WARN_OBJC_LITERAL_CONVERSION = YES;
				CLANG_WARN_RANGE_LOOP_ANALYSIS = YES;
				CLANG_WARN_STRICT_PROTOTYPES = YES;
				CLANG_WARN_SUSPICIOUS_MOVE = YES;
				CLANG_WARN_UNREACHABLE_CODE = YES;
				CLANG_WARN__DUPLICATE_METHOD_MATCH = YES;
				ENABLE_STRICT_OBJC_MSGSEND = YES;
				ENABLE_TESTABILITY = YES;
				GCC_NO_COMMON_BLOCKS = YES;
				GCC_OPTIMIZATION_LEVEL = 0;
				GCC_VERSION = "";
				GCC_WARN_64_TO_32_BIT_CONVERSION = YES;
				GCC_WARN_ABOUT_RETURN_TYPE = YES;
				GCC_WARN_UNDECLARED_SELECTOR = YES;
				GCC_WARN_UNINITIALIZED_AUTOS = YES;
				GCC_WARN_UNUSED_FUNCTION = YES;
				GCC_WARN_UNUSED_VARIABLE = YES;
				HEADER_SEARCH_PATHS = "../RBPlugins_SDK/Includes//**";
				MACOSX_DEPLOYMENT_TARGET = 10.6;
				ONLY_ACTIVE_ARCH = YES;
				OTHER_LDFLAGS = "-lz";
				SDKROOT = macosx;
			};
			name = Development;
		};
		A97079D4130D741600BF8993 /* Deployment Universal */ = {
			isa = XCBuildConfiguration;
			buildSettings = {
				CLANG_ANALYZER_LOCALIZABILITY_NONLOCALIZED = YES;
				CLANG_WARN_BLOCK_CAPTURE_AUTORELEASING = YES;
				CLANG_WARN_BOOL_CONVERSION = YES;
				CLANG_WARN_COMMA = YES;
				CLANG_WARN_CONSTANT_CONVERSION = YES;
				CLANG_WARN_DEPRECATED_OBJC_IMPLEMENTATIONS = YES;
				CLANG_WARN_EMPTY_BODY = YES;
				CLANG_WARN_ENUM_CONVERSION = YES;
				CLANG_WARN_INFINITE_RECURSION = YES;
				CLANG_WARN_INT_CONVERSION = YES;
				CLANG_WARN_NON_LITERAL_NULL_CONVERSION = YES;
				CLANG_WARN_OBJC_IMPLICIT_RETAIN_SELF = YES;
				CLANG_WARN_OBJC_LITERAL_CONVERSION = YES;
				CLANG_WARN_RANGE_LOOP_ANALYSIS = YES;
				CLANG_WARN_STRICT_PROTOTYPES = YES;
				CLANG_WARN_SUSPICIOUS_MOVE = YES;
				CLANG_WARN_UNREACHABLE_CODE = YES;
				CLANG_WARN__DUPLICATE_METHOD_MATCH = YES;
				ENABLE_STRICT_OBJC_MSGSEND = YES;
				GCC_NO_COMMON_BLOCKS = YES;
				GCC_OPTIMIZATION_LEVEL = 0;
				GCC_VERSION = "";
				GCC_WARN_64_TO_32_BIT_CONVERSION = YES;
				GCC_WARN_ABOUT_RETURN_TYPE = YES;
				GCC_WARN_UNDECLARED_SELECTOR = YES;
				GCC_WARN_UNINITIALIZED_AUTOS = YES;
				GCC_WARN_UNUSED_FUNCTION = YES;
				GCC_WARN_UNUSED_VARIABLE = YES;
				HEADER_SEARCH_PATHS = "../RBPlugins_SDK/Includes//**";
				MACOSX_DEPLOYMENT_TARGET = 10.6;
				OTHER_LDFLAGS = "-lz";
				SDKROOT = macosx;
			};
			name = "Deployment Universal";
		};
		A9D425A61BE20D5C00614309 /* Development */ = {
			isa = XCBuildConfiguration;
			buildSettings = {
				ALWAYS_SEARCH_USER_PATHS = NO;
				CLANG_CXX_LANGUAGE_STANDARD = "c++14";
				CLANG_CXX_LIBRARY = "libc++";
				CLANG_ENABLE_OBJC_WEAK = YES;
				COPY_PHASE_STRIP = NO;
				DYLIB_COMPATIBILITY_VERSION = 1;
				DYLIB_CURRENT_VERSION = 1;
				GCC_C_LANGUAGE_STANDARD = gnu11;
				GCC_OPTIMIZATION_LEVEL = 0;
				GCC_PRECOMPILE_PREFIX_HEADER = NO;
				GCC_PREFIX_HEADER = ../Xojo_SDK/Includes/RBCocoaHeaders.h;
				GCC_PREPROCESSOR_DEFINITIONS = (
					"FLAT_C_PLUGIN_HEADERS=1",
					"CUBESQL_ENABLE_SSL_ENCRYPTION=1",
					"CUBESQL_DYNAMIC_SSL_LIBRARY=1",
				);
				GCC_WARN_FOUR_CHARACTER_CONSTANTS = NO;
				GCC_WARN_UNKNOWN_PRAGMAS = NO;
				HEADER_SEARCH_PATHS = "../Xojo_SDK/Includes/**";
				INSTALL_PATH = /usr/local/lib;
				LIBRARY_STYLE = DYNAMIC;
				MACH_O_TYPE = mh_dylib;
				MACOSX_DEPLOYMENT_TARGET = 10.7;
				OTHER_CFLAGS = "";
				OTHER_LDFLAGS = "-lz";
				OTHER_REZFLAGS = "";
				PRODUCT_NAME = cubeSQL_64bit;
				REZ_EXECUTABLE = YES;
				SECTORDER_FLAGS = "";
				WARNING_CFLAGS = "";
			};
			name = Development;
		};
		A9D425A71BE20D5C00614309 /* Deployment Universal */ = {
			isa = XCBuildConfiguration;
			buildSettings = {
				ALWAYS_SEARCH_USER_PATHS = NO;
				CLANG_CXX_LANGUAGE_STANDARD = "c++14";
				CLANG_CXX_LIBRARY = "libc++";
				CLANG_ENABLE_OBJC_WEAK = YES;
				COPY_PHASE_STRIP = YES;
				DYLIB_COMPATIBILITY_VERSION = 1;
				DYLIB_CURRENT_VERSION = 1;
				GCC_C_LANGUAGE_STANDARD = gnu11;
				GCC_OPTIMIZATION_LEVEL = s;
				GCC_PRECOMPILE_PREFIX_HEADER = NO;
				GCC_PREFIX_HEADER = ../Xojo_SDK/Includes/RBCocoaHeaders.h;
				GCC_PREPROCESSOR_DEFINITIONS = (
					"FLAT_C_PLUGIN_HEADERS=1",
					"CUBESQL_ENABLE_SSL_ENCRYPTION=1",
					"CUBESQL_DYNAMIC_SSL_LIBRARY=1",
				);
				GCC_WARN_FOUR_CHARACTER_CONSTANTS = NO;
				GCC_WARN_UNKNOWN_PRAGMAS = NO;
				HEADER_SEARCH_PATHS = "../Xojo_SDK/Includes/**";
				INSTALL_PATH = /usr/local/lib;
				LIBRARY_STYLE = DYNAMIC;
				MACH_O_TYPE = mh_dylib;
				MACOSX_DEPLOYMENT_TARGET = 10.7;
				OTHER_CFLAGS = "";
				OTHER_LDFLAGS = "-lz";
				OTHER_REZFLAGS = "";
				PRODUCT_NAME = cubeSQL_64bit;
				REZ_EXECUTABLE = YES;
				SECTORDER_FLAGS = "";
				WARNING_CFLAGS = "";
			};
			name = "Deployment Universal";
		};
		A9D425A81BE20D5C00614309 /* Deployment i386 */ = {
			isa = XCBuildConfiguration;
			buildSettings = {
				ALWAYS_SEARCH_USER_PATHS = NO;
				CLANG_CXX_LANGUAGE_STANDARD = "c++14";
				CLANG_CXX_LIBRARY = "libc++";
				CLANG_ENABLE_OBJC_WEAK = YES;
				COPY_PHASE_STRIP = YES;
				DYLIB_COMPATIBILITY_VERSION = 1;
				DYLIB_CURRENT_VERSION = 1;
				GCC_C_LANGUAGE_STANDARD = gnu11;
				GCC_OPTIMIZATION_LEVEL = s;
				GCC_PRECOMPILE_PREFIX_HEADER = NO;
				GCC_PREFIX_HEADER = ../Xojo_SDK/Includes/RBCocoaHeaders.h;
				GCC_PREPROCESSOR_DEFINITIONS = (
					"FLAT_C_PLUGIN_HEADERS=1",
					"CUBESQL_ENABLE_SSL_ENCRYPTION=1",
					"CUBESQL_DYNAMIC_SSL_LIBRARY=1",
				);
				GCC_WARN_FOUR_CHARACTER_CONSTANTS = NO;
				GCC_WARN_UNKNOWN_PRAGMAS = NO;
				HEADER_SEARCH_PATHS = "../Xojo_SDK/Includes/**";
				INSTALL_PATH = /usr/local/lib;
				LIBRARY_STYLE = DYNAMIC;
				MACH_O_TYPE = mh_dylib;
				MACOSX_DEPLOYMENT_TARGET = 10.7;
				OTHER_CFLAGS = "";
				OTHER_LDFLAGS = "-lz";
				OTHER_REZFLAGS = "";
				PRODUCT_NAME = cubeSQL_64bit;
				REZ_EXECUTABLE = YES;
				SECTORDER_FLAGS = "";
				WARNING_CFLAGS = "";
			};
			name = "Deployment i386";
		};
/* End XCBuildConfiguration section */

/* Begin XCConfigurationList section */
		A97079D9130D741600BF8993 /* Build configuration list for PBXProject "CubeSQL_64bit" */ = {
			isa = XCConfigurationList;
			buildConfigurations = (
				A97079D3130D741600BF8993 /* Development */,
				A97079D4130D741600BF8993 /* Deployment Universal */,
				A93925F8153DB62F00016FBB /* Deployment i386 */,
			);
			defaultConfigurationIsVisible = 0;
			defaultConfigurationName = Development;
		};
		A9D425A51BE20D5C00614309 /* Build configuration list for PBXNativeTarget "CubeSQL 64bit" */ = {
			isa = XCConfigurationList;
			buildConfigurations = (
				A9D425A61BE20D5C00614309 /* Development */,
				A9D425A71BE20D5C00614309 /* Deployment Universal */,
				A9D425A81BE20D5C00614309 /* Deployment i386 */,
			);
			defaultConfigurationIsVisible = 0;
			defaultConfigurationName = Development;
		};
/* End XCConfigurationList section */
	};
	rootObject = EAFF3A980659636100342AFB /* Project object */;
}
